
Microsoft Visual Studio Solution File, Format Version 12.00
# Visual Studio 14
VisualStudioVersion = 14.0.25420.1
MinimumVisualStudioVersion = 10.0.40219.1
Project("{8BC9CEB8-8B4A-11D0-8D11-00A0C91BC942}") = "test1", "ConsoleApplication1\ConsoleApplication1.vcxproj", "{5E53D67D-93FF-4BC6-9C9A-C878733EC512}"
EndProject
Project("{8BC9CEB8-8B4A-11D0-8D11-00A0C91BC942}") = "PSO", "PSO\PSO.vcxproj", "{A6E6C98A-DF5C-49F0-87CB-5C452BC32B6B}"
EndProject
Project("{8BC9CEB8-8B4A-11D0-8D11-00A0C91BC942}") = "CallByName", "CallByName\CallByName.vcxproj", "{A7F5B804-60F2-4D95-AC82-D132940A1C97}"
EndProject
Project("{8BC9CEB8-8B4A-11D0-8D11-00A0C91BC942}") = "pbest", "pbest\pbest.vcxproj", "{FB1EC44D-FCD9-4D20-89F7-10D80A923CE5}"
EndProject
Global
	GlobalSection(SolutionConfigurationPlatforms) = preSolution
		Debug|x64 = Debug|x64
		Debug|x86 = Debug|x86
		Release|x64 = Release|x64
		Release|x86 = Release|x86
	EndGlobalSection
	GlobalSection(ProjectConfigurationPlatforms) = postSolution
		{5E53D67D-93FF-4BC6-9C9A-C878733EC512}.Debug|x64.ActiveCfg = Debug|x64
		{5E53D67D-93FF-4BC6-9C9A-C878733EC512}.Debug|x64.Build.0 = Debug|x64
		{5E53D67D-93FF-4BC6-9C9A-C878733EC512}.Debug|x86.ActiveCfg = Debug|Win32
		{5E53D67D-93FF-4BC6-9C9A-C878733EC512}.Debug|x86.Build.0 = Debug|Win32
		{5E53D67D-93FF-4BC6-9C9A-C878733EC512}.Release|x64.ActiveCfg = Release|x64
		{5E53D67D-93FF-4BC6-9C9A-C878733EC512}.Release|x64.Build.0 = Release|x64
		{5E53D67D-93FF-4BC6-9C9A-C878733EC512}.Release|x86.ActiveCfg = Release|Win32
		{5E53D67D-93FF-4BC6-9C9A-C878733EC512}.Release|x86.Build.0 = Release|Win32
		{A6E6C98A-DF5C-49F0-87CB-5C452BC32B6B}.Debug|x64.ActiveCfg = Debug|x64
		{A6E6C98A-DF5C-49F0-87CB-5C452BC32B6B}.Debug|x64.Build.0 = Debug|x64
		{A6E6C98A-DF5C-49F0-87CB-5C452BC32B6B}.Debug|x86.ActiveCfg = Debug|Win32
		{A6E6C98A-DF5C-49F0-87CB-5C452BC32B6B}.Debug|x86.Build.0 = Debug|Win32
		{A6E6C98A-DF5C-49F0-87CB-5C452BC32B6B}.Release|x64.ActiveCfg = Release|x64
		{A6E6C98A-DF5C-49F0-87CB-5C452BC32B6B}.Release|x64.Build.0 = Release|x64
		{A6E6C98A-DF5C-49F0-87CB-5C452BC32B6B}.Release|x86.ActiveCfg = Release|Win32
		{A6E6C98A-DF5C-49F0-87CB-5C452BC32B6B}.Release|x86.Build.0 = Release|Win32
		{A7F5B804-60F2-4D95-AC82-D132940A1C97}.Debug|x64.ActiveCfg = Debug|x64
		{A7F5B804-60F2-4D95-AC82-D132940A1C97}.Debug|x64.Build.0 = Debug|x64
		{A7F5B804-60F2-4D95-AC82-D132940A1C97}.Debug|x86.ActiveCfg = Debug|Win32
		{A7F5B804-60F2-4D95-AC82-D132940A1C97}.Debug|x86.Build.0 = Debug|Win32
		{A7F5B804-60F2-4D95-AC82-D132940A1C97}.Release|x64.ActiveCfg = Release|x64
		{A7F5B804-60F2-4D95-AC82-D132940A1C97}.Release|x64.Build.0 = Release|x64
		{A7F5B804-60F2-4D95-AC82-D132940A1C97}.Release|x86.ActiveCfg = Release|Win32
		{A7F5B804-60F2-4D95-AC82-D132940A1C97}.Release|x86.Build.0 = Release|Win32
		{FB1EC44D-FCD9-4D20-89F7-10D80A923CE5}.Debug|x64.ActiveCfg = Debug|x64
		{FB1EC44D-FCD9-4D20-89F7-10D80A923CE5}.Debug|x64.Build.0 = Debug|x64
		{FB1EC44D-FCD9-4D20-89F7-10D80A923CE5}.Debug|x86.ActiveCfg = Debug|Win32
		{FB1EC44D-FCD9-4D20-89F7-10D80A923CE5}.Debug|x86.Build.0 = Debug|Win32
		{FB1EC44D-FCD9-4D20-89F7-10D80A923CE5}.Release|x64.ActiveCfg = Release|x64
		{FB1EC44D-FCD9-4D20-89F7-10D80A923CE5}.Release|x64.Build.0 = Release|x64
		{FB1EC44D-FCD9-4D20-89F7-10D80A923CE5}.Release|x86.ActiveCfg = Release|Win32
		{FB1EC44D-FCD9-4D20-89F7-10D80A923CE5}.Release|x86.Build.0 = Release|Win32
	EndGlobalSection
	GlobalSection(SolutionProperties) = preSolution
		HideSolutionNode = FALSE
	EndGlobalSection
EndGlobal
